
Microsoft Visual Studio Solution File, Format Version 12.00
# Visual Studio Version 16
VisualStudioVersion = 16.0.31005.135
MinimumVisualStudioVersion = 10.0.40219.1
Project("{FAE04EC0-301F-11D3-BF4B-00C04F79EFBC}") = "AdventureMaze", "AdventureMaze\AdventureMaze.csproj", "{73EC3367-7AC0-4713-A4B4-5530328D1B1B}"
EndProject
Global
	GlobalSection(SolutionConfigurationPlatforms) = preSolution
		Debug|Any CPU = Debug|Any CPU
		Release|Any CPU = Release|Any CPU
	EndGlobalSection
	GlobalSection(ProjectConfigurationPlatforms) = postSolution
		{73EC3367-7AC0-4713-A4B4-5530328D1B1B}.Debug|Any CPU.ActiveCfg = Debug|Any CPU
		{73EC3367-7AC0-4713-A4B4-5530328D1B1B}.Debug|Any CPU.Build.0 = Debug|Any CPU
		{73EC3367-7AC0-4713-A4B4-5530328D1B1B}.Release|Any CPU.ActiveCfg = Release|Any CPU
		{73EC3367-7AC0-4713-A4B4-5530328D1B1B}.Release|Any CPU.Build.0 = Release|Any CPU
	EndGlobalSection
	GlobalSection(SolutionProperties) = preSolution
		HideSolutionNode = FALSE
	EndGlobalSection
	GlobalSection(ExtensibilityGlobals) = postSolution
		SolutionGuid = {E991637C-5369-4E0B-BA45-E5410AAD8D0D}
	EndGlobalSection
EndGlobal
